// !$*UTF8*$!
{
	archiveVersion = 1;
	classes = {
	};
	objectVersion = 46;
	objects = {

/* Begin PBXBuildFile section */
		8BBD93181E6E3E11009DCF65 /* AppDelegate.swift in Sources */ = {isa = PBXBuildFile; fileRef = 8BBD93171E6E3E11009DCF65 /* AppDelegate.swift */; };
		8BBD932B1E6E3EF6009DCF65 /* AppDelegate.swift in Sources */ = {isa = PBXBuildFile; fileRef = 8BBD932A1E6E3EF6009DCF65 /* AppDelegate.swift */; };
		8BBD932D1E6E3EF6009DCF65 /* ViewController.swift in Sources */ = {isa = PBXBuildFile; fileRef = 8BBD932C1E6E3EF6009DCF65 /* ViewController.swift */; };
		8BBD93301E6E3EF6009DCF65 /* Main.storyboard in Resources */ = {isa = PBXBuildFile; fileRef = 8BBD932E1E6E3EF6009DCF65 /* Main.storyboard */; };
		8BBD93321E6E3EF6009DCF65 /* Assets.xcassets in Resources */ = {isa = PBXBuildFile; fileRef = 8BBD93311E6E3EF6009DCF65 /* Assets.xcassets */; };
		8BBD93351E6E3EF6009DCF65 /* LaunchScreen.storyboard in Resources */ = {isa = PBXBuildFile; fileRef = 8BBD93331E6E3EF6009DCF65 /* LaunchScreen.storyboard */; };
		8BBD93401E6E3F19009DCF65 /* Interface.storyboard in Resources */ = {isa = PBXBuildFile; fileRef = 8BBD933E1E6E3F19009DCF65 /* Interface.storyboard */; };
		8BBD93421E6E3F19009DCF65 /* Assets.xcassets in Resources */ = {isa = PBXBuildFile; fileRef = 8BBD93411E6E3F19009DCF65 /* Assets.xcassets */; };
		8BBD93491E6E3F19009DCF65 /* WatchKeynoteControllerWatchApp Extension.appex in Embed App Extensions */ = {isa = PBXBuildFile; fileRef = 8BBD93481E6E3F19009DCF65 /* WatchKeynoteControllerWatchApp Extension.appex */; settings = {ATTRIBUTES = (RemoveHeadersOnCopy, ); }; };
		8BBD93501E6E3F19009DCF65 /* InterfaceController.swift in Sources */ = {isa = PBXBuildFile; fileRef = 8BBD934F1E6E3F19009DCF65 /* InterfaceController.swift */; };
		8BBD93521E6E3F1A009DCF65 /* ExtensionDelegate.swift in Sources */ = {isa = PBXBuildFile; fileRef = 8BBD93511E6E3F1A009DCF65 /* ExtensionDelegate.swift */; };
		8BBD93541E6E3F1A009DCF65 /* NotificationController.swift in Sources */ = {isa = PBXBuildFile; fileRef = 8BBD93531E6E3F1A009DCF65 /* NotificationController.swift */; };
		8BBD93561E6E3F1A009DCF65 /* Assets.xcassets in Resources */ = {isa = PBXBuildFile; fileRef = 8BBD93551E6E3F1A009DCF65 /* Assets.xcassets */; };
		8BBD935A1E6E3F1A009DCF65 /* WatchKeynoteControllerWatchApp.app in Embed Watch Content */ = {isa = PBXBuildFile; fileRef = 8BBD933C1E6E3F19009DCF65 /* WatchKeynoteControllerWatchApp.app */; };
		8BBD93691E6E5B18009DCF65 /* KeySender.swift in Sources */ = {isa = PBXBuildFile; fileRef = 8BBD93671E6E5B18009DCF65 /* KeySender.swift */; };
		8BBD936A1E6E5B18009DCF65 /* KeySenderRecivingService.swift in Sources */ = {isa = PBXBuildFile; fileRef = 8BBD93681E6E5B18009DCF65 /* KeySenderRecivingService.swift */; };
		8BBD936C1E6E77BB009DCF65 /* WatchConnectivity.framework in Frameworks */ = {isa = PBXBuildFile; fileRef = 8BBD936B1E6E77BB009DCF65 /* WatchConnectivity.framework */; };
		C9ED359B1FF648E700479A21 /* MainMenu.xib in Resources */ = {isa = PBXBuildFile; fileRef = C9ED35941FF6472F00479A21 /* MainMenu.xib */; };
		C9ED359C1FF648EE00479A21 /* Assets.xcassets in Resources */ = {isa = PBXBuildFile; fileRef = 8BBD93191E6E3E11009DCF65 /* Assets.xcassets */; };
		C9ED359E1FF64CE900479A21 /* Assets.xcassets in Resources */ = {isa = PBXBuildFile; fileRef = 8BBD93411E6E3F19009DCF65 /* Assets.xcassets */; };
		C9ED35A01FF65F2300479A21 /* WatchShake.swift in Sources */ = {isa = PBXBuildFile; fileRef = C9ED359F1FF65F2300479A21 /* WatchShake.swift */; };
/* End PBXBuildFile section */

/* Begin PBXContainerItemProxy section */
		8BBD934A1E6E3F19009DCF65 /* PBXContainerItemProxy */ = {
			isa = PBXContainerItemProxy;
			containerPortal = 8BBD930C1E6E3E11009DCF65 /* Project object */;
			proxyType = 1;
			remoteGlobalIDString = 8BBD93471E6E3F19009DCF65;
			remoteInfo = "WatchKeynoteControllerWatchApp Extension";
		};
		8BBD93581E6E3F1A009DCF65 /* PBXContainerItemProxy */ = {
			isa = PBXContainerItemProxy;
			containerPortal = 8BBD930C1E6E3E11009DCF65 /* Project object */;
			proxyType = 1;
			remoteGlobalIDString = 8BBD933B1E6E3F19009DCF65;
			remoteInfo = WatchKeynoteControllerWatchApp;
		};
/* End PBXContainerItemProxy section */

/* Begin PBXCopyFilesBuildPhase section */
		8BBD935E1E6E3F1A009DCF65 /* Embed App Extensions */ = {
			isa = PBXCopyFilesBuildPhase;
			buildActionMask = 2147483647;
			dstPath = "";
			dstSubfolderSpec = 13;
			files = (
				8BBD93491E6E3F19009DCF65 /* WatchKeynoteControllerWatchApp Extension.appex in Embed App Extensions */,
			);
			name = "Embed App Extensions";
			runOnlyForDeploymentPostprocessing = 0;
		};
		8BBD93621E6E3F1A009DCF65 /* Embed Watch Content */ = {
			isa = PBXCopyFilesBuildPhase;
			buildActionMask = 2147483647;
			dstPath = "$(CONTENTS_FOLDER_PATH)/Watch";
			dstSubfolderSpec = 16;
			files = (
				8BBD935A1E6E3F1A009DCF65 /* WatchKeynoteControllerWatchApp.app in Embed Watch Content */,
			);
			name = "Embed Watch Content";
			runOnlyForDeploymentPostprocessing = 0;
		};
/* End PBXCopyFilesBuildPhase section */

/* Begin PBXFileReference section */
		8B51EA861E723E6F00E01259 /* WatchConnectivity.framework */ = {isa = PBXFileReference; lastKnownFileType = wrapper.framework; name = WatchConnectivity.framework; path = Platforms/WatchOS.platform/Developer/SDKs/WatchOS3.1.sdk/System/Library/Frameworks/WatchConnectivity.framework; sourceTree = DEVELOPER_DIR; };
		8B51EA871E723E6F00E01259 /* WatchKit.framework */ = {isa = PBXFileReference; lastKnownFileType = wrapper.framework; name = WatchKit.framework; path = Platforms/WatchOS.platform/Developer/SDKs/WatchOS3.1.sdk/System/Library/Frameworks/WatchKit.framework; sourceTree = DEVELOPER_DIR; };
		8BBD93141E6E3E11009DCF65 /* WatchKeynoteController.app */ = {isa = PBXFileReference; explicitFileType = wrapper.application; includeInIndex = 0; path = WatchKeynoteController.app; sourceTree = BUILT_PRODUCTS_DIR; };
		8BBD93171E6E3E11009DCF65 /* AppDelegate.swift */ = {isa = PBXFileReference; lastKnownFileType = sourcecode.swift; path = AppDelegate.swift; sourceTree = "<group>"; };
		8BBD93191E6E3E11009DCF65 /* Assets.xcassets */ = {isa = PBXFileReference; lastKnownFileType = folder.assetcatalog; path = Assets.xcassets; sourceTree = "<group>"; };
		8BBD931E1E6E3E11009DCF65 /* Info.plist */ = {isa = PBXFileReference; lastKnownFileType = text.plist.xml; path = Info.plist; sourceTree = "<group>"; };
		8BBD93281E6E3EF6009DCF65 /* WatchKeynoteControllerApp.app */ = {isa = PBXFileReference; explicitFileType = wrapper.application; includeInIndex = 0; path = WatchKeynoteControllerApp.app; sourceTree = BUILT_PRODUCTS_DIR; };
		8BBD932A1E6E3EF6009DCF65 /* AppDelegate.swift */ = {isa = PBXFileReference; lastKnownFileType = sourcecode.swift; path = AppDelegate.swift; sourceTree = "<group>"; };
		8BBD932C1E6E3EF6009DCF65 /* ViewController.swift */ = {isa = PBXFileReference; lastKnownFileType = sourcecode.swift; path = ViewController.swift; sourceTree = "<group>"; };
		8BBD932F1E6E3EF6009DCF65 /* Base */ = {isa = PBXFileReference; lastKnownFileType = file.storyboard; name = Base; path = Base.lproj/Main.storyboard; sourceTree = "<group>"; };
		8BBD93311E6E3EF6009DCF65 /* Assets.xcassets */ = {isa = PBXFileReference; lastKnownFileType = folder.assetcatalog; path = Assets.xcassets; sourceTree = "<group>"; };
		8BBD93341E6E3EF6009DCF65 /* Base */ = {isa = PBXFileReference; lastKnownFileType = file.storyboard; name = Base; path = Base.lproj/LaunchScreen.storyboard; sourceTree = "<group>"; };
		8BBD93361E6E3EF6009DCF65 /* Info.plist */ = {isa = PBXFileReference; lastKnownFileType = text.plist.xml; path = Info.plist; sourceTree = "<group>"; };
		8BBD933C1E6E3F19009DCF65 /* WatchKeynoteControllerWatchApp.app */ = {isa = PBXFileReference; explicitFileType = wrapper.application; includeInIndex = 0; path = WatchKeynoteControllerWatchApp.app; sourceTree = BUILT_PRODUCTS_DIR; };
		8BBD933F1E6E3F19009DCF65 /* Base */ = {isa = PBXFileReference; lastKnownFileType = file.storyboard; name = Base; path = Base.lproj/Interface.storyboard; sourceTree = "<group>"; };
		8BBD93411E6E3F19009DCF65 /* Assets.xcassets */ = {isa = PBXFileReference; lastKnownFileType = folder.assetcatalog; path = Assets.xcassets; sourceTree = "<group>"; };
		8BBD93431E6E3F19009DCF65 /* Info.plist */ = {isa = PBXFileReference; lastKnownFileType = text.plist.xml; path = Info.plist; sourceTree = "<group>"; };
		8BBD93481E6E3F19009DCF65 /* WatchKeynoteControllerWatchApp Extension.appex */ = {isa = PBXFileReference; explicitFileType = "wrapper.app-extension"; includeInIndex = 0; path = "WatchKeynoteControllerWatchApp Extension.appex"; sourceTree = BUILT_PRODUCTS_DIR; };
		8BBD934E1E6E3F19009DCF65 /* PushNotificationPayload.apns */ = {isa = PBXFileReference; lastKnownFileType = text; path = PushNotificationPayload.apns; sourceTree = "<group>"; };
		8BBD934F1E6E3F19009DCF65 /* InterfaceController.swift */ = {isa = PBXFileReference; lastKnownFileType = sourcecode.swift; path = InterfaceController.swift; sourceTree = "<group>"; };
		8BBD93511E6E3F1A009DCF65 /* ExtensionDelegate.swift */ = {isa = PBXFileReference; lastKnownFileType = sourcecode.swift; path = ExtensionDelegate.swift; sourceTree = "<group>"; };
		8BBD93531E6E3F1A009DCF65 /* NotificationController.swift */ = {isa = PBXFileReference; lastKnownFileType = sourcecode.swift; path = NotificationController.swift; sourceTree = "<group>"; };
		8BBD93551E6E3F1A009DCF65 /* Assets.xcassets */ = {isa = PBXFileReference; lastKnownFileType = folder.assetcatalog; path = Assets.xcassets; sourceTree = "<group>"; };
		8BBD93571E6E3F1A009DCF65 /* Info.plist */ = {isa = PBXFileReference; lastKnownFileType = text.plist.xml; path = Info.plist; sourceTree = "<group>"; };
		8BBD93631E6E4023009DCF65 /* WatchKeynoteController.entitlements */ = {isa = PBXFileReference; lastKnownFileType = text.plist.entitlements; path = WatchKeynoteController.entitlements; sourceTree = "<group>"; };
		8BBD93641E6E4547009DCF65 /* WatchKeynoteControllerApp.entitlements */ = {isa = PBXFileReference; lastKnownFileType = text.plist.entitlements; path = WatchKeynoteControllerApp.entitlements; sourceTree = "<group>"; };
		8BBD93651E6E4574009DCF65 /* WatchKeynoteControllerWatchApp.entitlements */ = {isa = PBXFileReference; lastKnownFileType = text.plist.entitlements; path = WatchKeynoteControllerWatchApp.entitlements; sourceTree = "<group>"; };
		8BBD93661E6E457C009DCF65 /* WatchKeynoteControllerWatchApp Extension.entitlements */ = {isa = PBXFileReference; lastKnownFileType = text.plist.entitlements; path = "WatchKeynoteControllerWatchApp Extension.entitlements"; sourceTree = "<group>"; };
		8BBD93671E6E5B18009DCF65 /* KeySender.swift */ = {isa = PBXFileReference; fileEncoding = 4; lastKnownFileType = sourcecode.swift; path = KeySender.swift; sourceTree = "<group>"; };
		8BBD93681E6E5B18009DCF65 /* KeySenderRecivingService.swift */ = {isa = PBXFileReference; fileEncoding = 4; lastKnownFileType = sourcecode.swift; path = KeySenderRecivingService.swift; sourceTree = "<group>"; };
		8BBD936B1E6E77BB009DCF65 /* WatchConnectivity.framework */ = {isa = PBXFileReference; lastKnownFileType = wrapper.framework; name = WatchConnectivity.framework; path = Platforms/iPhoneOS.platform/Developer/SDKs/iPhoneOS10.2.sdk/System/Library/Frameworks/WatchConnectivity.framework; sourceTree = DEVELOPER_DIR; };
		C9ED35951FF6472F00479A21 /* Base */ = {isa = PBXFileReference; lastKnownFileType = file.xib; name = Base; path = WatchKeynoteController/Base.lproj/MainMenu.xib; sourceTree = "<group>"; };
		C9ED359F1FF65F2300479A21 /* WatchShake.swift */ = {isa = PBXFileReference; lastKnownFileType = sourcecode.swift; path = WatchShake.swift; sourceTree = "<group>"; };
/* End PBXFileReference section */

/* Begin PBXFrameworksBuildPhase section */
		8BBD93111E6E3E11009DCF65 /* Frameworks */ = {
			isa = PBXFrameworksBuildPhase;
			buildActionMask = 2147483647;
			files = (
			);
			runOnlyForDeploymentPostprocessing = 0;
		};
		8BBD93251E6E3EF6009DCF65 /* Frameworks */ = {
			isa = PBXFrameworksBuildPhase;
			buildActionMask = 2147483647;
			files = (
				8BBD936C1E6E77BB009DCF65 /* WatchConnectivity.framework in Frameworks */,
			);
			runOnlyForDeploymentPostprocessing = 0;
		};
		8BBD93451E6E3F19009DCF65 /* Frameworks */ = {
			isa = PBXFrameworksBuildPhase;
			buildActionMask = 2147483647;
			files = (
			);
			runOnlyForDeploymentPostprocessing = 0;
		};
		CADCE4755BCDD297B53668D0 /* Frameworks */ = {
			isa = PBXFrameworksBuildPhase;
			buildActionMask = 2147483647;
			files = (
			);
			runOnlyForDeploymentPostprocessing = 0;
		};
/* End PBXFrameworksBuildPhase section */

/* Begin PBXGroup section */
		7D4D9B97D1C2C60BDA3AEA80 /* Frameworks */ = {
			isa = PBXGroup;
			children = (
				8B51EA861E723E6F00E01259 /* WatchConnectivity.framework */,
				8B51EA871E723E6F00E01259 /* WatchKit.framework */,
				8BBD936B1E6E77BB009DCF65 /* WatchConnectivity.framework */,
			);
			name = Frameworks;
			sourceTree = "<group>";
		};
		8BBD930B1E6E3E11009DCF65 = {
			isa = PBXGroup;
			children = (
				8BBD93161E6E3E11009DCF65 /* WatchKeynoteController */,
				8BBD93291E6E3EF6009DCF65 /* WatchKeynoteControllerApp */,
				8BBD933D1E6E3F19009DCF65 /* WatchKeynoteControllerWatchApp */,
				8BBD934C1E6E3F19009DCF65 /* WatchKeynoteControllerWatchApp Extension */,
				8BBD93151E6E3E11009DCF65 /* Products */,
				7D4D9B97D1C2C60BDA3AEA80 /* Frameworks */,
			);
			sourceTree = "<group>";
		};
		8BBD93151E6E3E11009DCF65 /* Products */ = {
			isa = PBXGroup;
			children = (
				8BBD93141E6E3E11009DCF65 /* WatchKeynoteController.app */,
				8BBD93281E6E3EF6009DCF65 /* WatchKeynoteControllerApp.app */,
				8BBD933C1E6E3F19009DCF65 /* WatchKeynoteControllerWatchApp.app */,
				8BBD93481E6E3F19009DCF65 /* WatchKeynoteControllerWatchApp Extension.appex */,
			);
			name = Products;
			sourceTree = "<group>";
		};
		8BBD93161E6E3E11009DCF65 /* WatchKeynoteController */ = {
			isa = PBXGroup;
			children = (
				8BBD93631E6E4023009DCF65 /* WatchKeynoteController.entitlements */,
				8BBD93171E6E3E11009DCF65 /* AppDelegate.swift */,
				8BBD93671E6E5B18009DCF65 /* KeySender.swift */,
				8BBD93681E6E5B18009DCF65 /* KeySenderRecivingService.swift */,
				8BBD93191E6E3E11009DCF65 /* Assets.xcassets */,
				C9ED35941FF6472F00479A21 /* MainMenu.xib */,
				8BBD931E1E6E3E11009DCF65 /* Info.plist */,
			);
			path = WatchKeynoteController;
			sourceTree = "<group>";
		};
		8BBD93291E6E3EF6009DCF65 /* WatchKeynoteControllerApp */ = {
			isa = PBXGroup;
			children = (
				8BBD93641E6E4547009DCF65 /* WatchKeynoteControllerApp.entitlements */,
				8BBD932A1E6E3EF6009DCF65 /* AppDelegate.swift */,
				8BBD932C1E6E3EF6009DCF65 /* ViewController.swift */,
				8BBD932E1E6E3EF6009DCF65 /* Main.storyboard */,
				8BBD93311E6E3EF6009DCF65 /* Assets.xcassets */,
				8BBD93331E6E3EF6009DCF65 /* LaunchScreen.storyboard */,
				8BBD93361E6E3EF6009DCF65 /* Info.plist */,
			);
			path = WatchKeynoteControllerApp;
			sourceTree = "<group>";
		};
		8BBD933D1E6E3F19009DCF65 /* WatchKeynoteControllerWatchApp */ = {
			isa = PBXGroup;
			children = (
				8BBD93651E6E4574009DCF65 /* WatchKeynoteControllerWatchApp.entitlements */,
				8BBD933E1E6E3F19009DCF65 /* Interface.storyboard */,
				8BBD93411E6E3F19009DCF65 /* Assets.xcassets */,
				8BBD93431E6E3F19009DCF65 /* Info.plist */,
			);
			path = WatchKeynoteControllerWatchApp;
			sourceTree = "<group>";
		};
		8BBD934C1E6E3F19009DCF65 /* WatchKeynoteControllerWatchApp Extension */ = {
			isa = PBXGroup;
			children = (
				8BBD93661E6E457C009DCF65 /* WatchKeynoteControllerWatchApp Extension.entitlements */,
				8BBD934F1E6E3F19009DCF65 /* InterfaceController.swift */,
				C9ED359F1FF65F2300479A21 /* WatchShake.swift */,
				8BBD93511E6E3F1A009DCF65 /* ExtensionDelegate.swift */,
				8BBD93531E6E3F1A009DCF65 /* NotificationController.swift */,
				8BBD93551E6E3F1A009DCF65 /* Assets.xcassets */,
				8BBD93571E6E3F1A009DCF65 /* Info.plist */,
				8BBD934D1E6E3F19009DCF65 /* Supporting Files */,
			);
			path = "WatchKeynoteControllerWatchApp Extension";
			sourceTree = "<group>";
		};
		8BBD934D1E6E3F19009DCF65 /* Supporting Files */ = {
			isa = PBXGroup;
			children = (
				8BBD934E1E6E3F19009DCF65 /* PushNotificationPayload.apns */,
			);
			name = "Supporting Files";
			sourceTree = "<group>";
		};
/* End PBXGroup section */

/* Begin PBXNativeTarget section */
		8BBD93131E6E3E11009DCF65 /* WatchKeynoteController */ = {
			isa = PBXNativeTarget;
			buildConfigurationList = 8BBD93211E6E3E11009DCF65 /* Build configuration list for PBXNativeTarget "WatchKeynoteController" */;
			buildPhases = (
				8BBD93101E6E3E11009DCF65 /* Sources */,
				8BBD93111E6E3E11009DCF65 /* Frameworks */,
				C9ED359A1FF648E200479A21 /* Resources */,
			);
			buildRules = (
			);
			dependencies = (
			);
			name = WatchKeynoteController;
			productName = WatchKeynoteController;
			productReference = 8BBD93141E6E3E11009DCF65 /* WatchKeynoteController.app */;
			productType = "com.apple.product-type.application";
		};
		8BBD93271E6E3EF6009DCF65 /* WatchKeynoteControllerApp */ = {
			isa = PBXNativeTarget;
			buildConfigurationList = 8BBD93371E6E3EF6009DCF65 /* Build configuration list for PBXNativeTarget "WatchKeynoteControllerApp" */;
			buildPhases = (
				8BBD93241E6E3EF6009DCF65 /* Sources */,
				8BBD93251E6E3EF6009DCF65 /* Frameworks */,
				8BBD93261E6E3EF6009DCF65 /* Resources */,
				8BBD93621E6E3F1A009DCF65 /* Embed Watch Content */,
			);
			buildRules = (
			);
			dependencies = (
				8BBD93591E6E3F1A009DCF65 /* PBXTargetDependency */,
			);
			name = WatchKeynoteControllerApp;
			productName = WatchKeynoteControllerApp;
			productReference = 8BBD93281E6E3EF6009DCF65 /* WatchKeynoteControllerApp.app */;
			productType = "com.apple.product-type.application";
		};
		8BBD933B1E6E3F19009DCF65 /* WatchKeynoteControllerWatchApp */ = {
			isa = PBXNativeTarget;
			buildConfigurationList = 8BBD935F1E6E3F1A009DCF65 /* Build configuration list for PBXNativeTarget "WatchKeynoteControllerWatchApp" */;
			buildPhases = (
				8BBD933A1E6E3F19009DCF65 /* Resources */,
				8BBD935E1E6E3F1A009DCF65 /* Embed App Extensions */,
				CADCE4755BCDD297B53668D0 /* Frameworks */,
			);
			buildRules = (
			);
			dependencies = (
				8BBD934B1E6E3F19009DCF65 /* PBXTargetDependency */,
			);
			name = WatchKeynoteControllerWatchApp;
			productName = WatchKeynoteControllerWatchApp;
			productReference = 8BBD933C1E6E3F19009DCF65 /* WatchKeynoteControllerWatchApp.app */;
			productType = "com.apple.product-type.application.watchapp2";
		};
		8BBD93471E6E3F19009DCF65 /* WatchKeynoteControllerWatchApp Extension */ = {
			isa = PBXNativeTarget;
			buildConfigurationList = 8BBD935B1E6E3F1A009DCF65 /* Build configuration list for PBXNativeTarget "WatchKeynoteControllerWatchApp Extension" */;
			buildPhases = (
				8BBD93441E6E3F19009DCF65 /* Sources */,
				8BBD93451E6E3F19009DCF65 /* Frameworks */,
				8BBD93461E6E3F19009DCF65 /* Resources */,
			);
			buildRules = (
			);
			dependencies = (
			);
			name = "WatchKeynoteControllerWatchApp Extension";
			productName = "WatchKeynoteControllerWatchApp Extension";
			productReference = 8BBD93481E6E3F19009DCF65 /* WatchKeynoteControllerWatchApp Extension.appex */;
			productType = "com.apple.product-type.watchkit2-extension";
		};
/* End PBXNativeTarget section */

/* Begin PBXProject section */
		8BBD930C1E6E3E11009DCF65 /* Project object */ = {
			isa = PBXProject;
			attributes = {
				LastSwiftUpdateCheck = 0820;
				LastUpgradeCheck = 0920;
				ORGANIZATIONNAME = Ezequiel;
				TargetAttributes = {
					8BBD93131E6E3E11009DCF65 = {
						CreatedOnToolsVersion = 8.2.1;
						DevelopmentTeam = 54JDK55DR5;
						LastSwiftMigration = 0920;
						ProvisioningStyle = Automatic;
						SystemCapabilities = {
							com.apple.ApplicationGroups.Mac = {
								enabled = 0;
							};
						};
					};
					8BBD93271E6E3EF6009DCF65 = {
						CreatedOnToolsVersion = 8.2.1;
						DevelopmentTeam = 54JDK55DR5;
						ProvisioningStyle = Automatic;
						SystemCapabilities = {
							com.apple.ApplicationGroups.iOS = {
								enabled = 1;
							};
						};
					};
					8BBD933B1E6E3F19009DCF65 = {
						CreatedOnToolsVersion = 8.2.1;
						DevelopmentTeam = 54JDK55DR5;
						ProvisioningStyle = Automatic;
						SystemCapabilities = {
							com.apple.ApplicationGroups.iOS = {
								enabled = 1;
							};
						};
					};
					8BBD93471E6E3F19009DCF65 = {
						CreatedOnToolsVersion = 8.2.1;
						DevelopmentTeam = 54JDK55DR5;
						ProvisioningStyle = Automatic;
						SystemCapabilities = {
							com.apple.ApplicationGroups.iOS = {
								enabled = 1;
							};
						};
					};
				};
			};
			buildConfigurationList = 8BBD930F1E6E3E11009DCF65 /* Build configuration list for PBXProject "WatchKeynoteController" */;
			compatibilityVersion = "Xcode 3.2";
			developmentRegion = English;
			hasScannedForEncodings = 0;
			knownRegions = (
				en,
				Base,
			);
			mainGroup = 8BBD930B1E6E3E11009DCF65;
			productRefGroup = 8BBD93151E6E3E11009DCF65 /* Products */;
			projectDirPath = "";
			projectRoot = "";
			targets = (
				8BBD93131E6E3E11009DCF65 /* WatchKeynoteController */,
				8BBD93271E6E3EF6009DCF65 /* WatchKeynoteControllerApp */,
				8BBD933B1E6E3F19009DCF65 /* WatchKeynoteControllerWatchApp */,
				8BBD93471E6E3F19009DCF65 /* WatchKeynoteControllerWatchApp Extension */,
			);
		};
/* End PBXProject section */

/* Begin PBXResourcesBuildPhase section */
		8BBD93261E6E3EF6009DCF65 /* Resources */ = {
			isa = PBXResourcesBuildPhase;
			buildActionMask = 2147483647;
			files = (
				8BBD93351E6E3EF6009DCF65 /* LaunchScreen.storyboard in Resources */,
				8BBD93321E6E3EF6009DCF65 /* Assets.xcassets in Resources */,
				8BBD93301E6E3EF6009DCF65 /* Main.storyboard in Resources */,
			);
			runOnlyForDeploymentPostprocessing = 0;
		};
		8BBD933A1E6E3F19009DCF65 /* Resources */ = {
			isa = PBXResourcesBuildPhase;
			buildActionMask = 2147483647;
			files = (
				8BBD93421E6E3F19009DCF65 /* Assets.xcassets in Resources */,
				8BBD93401E6E3F19009DCF65 /* Interface.storyboard in Resources */,
			);
			runOnlyForDeploymentPostprocessing = 0;
		};
		8BBD93461E6E3F19009DCF65 /* Resources */ = {
			isa = PBXResourcesBuildPhase;
			buildActionMask = 2147483647;
			files = (
				C9ED359E1FF64CE900479A21 /* Assets.xcassets in Resources */,
				8BBD93561E6E3F1A009DCF65 /* Assets.xcassets in Resources */,
			);
			runOnlyForDeploymentPostprocessing = 0;
		};
		C9ED359A1FF648E200479A21 /* Resources */ = {
			isa = PBXResourcesBuildPhase;
			buildActionMask = 2147483647;
			files = (
				C9ED359C1FF648EE00479A21 /* Assets.xcassets in Resources */,
				C9ED359B1FF648E700479A21 /* MainMenu.xib in Resources */,
			);
			runOnlyForDeploymentPostprocessing = 0;
		};
/* End PBXResourcesBuildPhase section */

/* Begin PBXSourcesBuildPhase section */
		8BBD93101E6E3E11009DCF65 /* Sources */ = {
			isa = PBXSourcesBuildPhase;
			buildActionMask = 2147483647;
			files = (
				8BBD93691E6E5B18009DCF65 /* KeySender.swift in Sources */,
				8BBD936A1E6E5B18009DCF65 /* KeySenderRecivingService.swift in Sources */,
				8BBD93181E6E3E11009DCF65 /* AppDelegate.swift in Sources */,
			);
			runOnlyForDeploymentPostprocessing = 0;
		};
		8BBD93241E6E3EF6009DCF65 /* Sources */ = {
			isa = PBXSourcesBuildPhase;
			buildActionMask = 2147483647;
			files = (
				8BBD932D1E6E3EF6009DCF65 /* ViewController.swift in Sources */,
				8BBD932B1E6E3EF6009DCF65 /* AppDelegate.swift in Sources */,
			);
			runOnlyForDeploymentPostprocessing = 0;
		};
		8BBD93441E6E3F19009DCF65 /* Sources */ = {
			isa = PBXSourcesBuildPhase;
			buildActionMask = 2147483647;
			files = (
				8BBD93541E6E3F1A009DCF65 /* NotificationController.swift in Sources */,
				8BBD93521E6E3F1A009DCF65 /* ExtensionDelegate.swift in Sources */,
				C9ED35A01FF65F2300479A21 /* WatchShake.swift in Sources */,
				8BBD93501E6E3F19009DCF65 /* InterfaceController.swift in Sources */,
			);
			runOnlyForDeploymentPostprocessing = 0;
		};
/* End PBXSourcesBuildPhase section */

/* Begin PBXTargetDependency section */
		8BBD934B1E6E3F19009DCF65 /* PBXTargetDependency */ = {
			isa = PBXTargetDependency;
			target = 8BBD93471E6E3F19009DCF65 /* WatchKeynoteControllerWatchApp Extension */;
			targetProxy = 8BBD934A1E6E3F19009DCF65 /* PBXContainerItemProxy */;
		};
		8BBD93591E6E3F1A009DCF65 /* PBXTargetDependency */ = {
			isa = PBXTargetDependency;
			target = 8BBD933B1E6E3F19009DCF65 /* WatchKeynoteControllerWatchApp */;
			targetProxy = 8BBD93581E6E3F1A009DCF65 /* PBXContainerItemProxy */;
		};
/* End PBXTargetDependency section */

/* Begin PBXVariantGroup section */
		8BBD932E1E6E3EF6009DCF65 /* Main.storyboard */ = {
			isa = PBXVariantGroup;
			children = (
				8BBD932F1E6E3EF6009DCF65 /* Base */,
			);
			name = Main.storyboard;
			sourceTree = "<group>";
		};
		8BBD93331E6E3EF6009DCF65 /* LaunchScreen.storyboard */ = {
			isa = PBXVariantGroup;
			children = (
				8BBD93341E6E3EF6009DCF65 /* Base */,
			);
			name = LaunchScreen.storyboard;
			sourceTree = "<group>";
		};
		8BBD933E1E6E3F19009DCF65 /* Interface.storyboard */ = {
			isa = PBXVariantGroup;
			children = (
				8BBD933F1E6E3F19009DCF65 /* Base */,
			);
			name = Interface.storyboard;
			sourceTree = "<group>";
		};
		C9ED35941FF6472F00479A21 /* MainMenu.xib */ = {
			isa = PBXVariantGroup;
			children = (
				C9ED35951FF6472F00479A21 /* Base */,
			);
			name = MainMenu.xib;
			sourceTree = "<group>";
		};
/* End PBXVariantGroup section */

/* Begin XCBuildConfiguration section */
		8BBD931F1E6E3E11009DCF65 /* Debug */ = {
			isa = XCBuildConfiguration;
			buildSettings = {
				ALWAYS_SEARCH_USER_PATHS = NO;
				CLANG_ANALYZER_NONNULL = YES;
				CLANG_CXX_LANGUAGE_STANDARD = "gnu++0x";
				CLANG_CXX_LIBRARY = "libc++";
				CLANG_ENABLE_MODULES = YES;
				CLANG_ENABLE_OBJC_ARC = YES;
				CLANG_WARN_BLOCK_CAPTURE_AUTORELEASING = YES;
				CLANG_WARN_BOOL_CONVERSION = YES;
				CLANG_WARN_COMMA = YES;
				CLANG_WARN_CONSTANT_CONVERSION = YES;
				CLANG_WARN_DIRECT_OBJC_ISA_USAGE = YES_ERROR;
				CLANG_WARN_DOCUMENTATION_COMMENTS = YES;
				CLANG_WARN_EMPTY_BODY = YES;
				CLANG_WARN_ENUM_CONVERSION = YES;
				CLANG_WARN_INFINITE_RECURSION = YES;
				CLANG_WARN_INT_CONVERSION = YES;
				CLANG_WARN_NON_LITERAL_NULL_CONVERSION = YES;
				CLANG_WARN_OBJC_LITERAL_CONVERSION = YES;
				CLANG_WARN_OBJC_ROOT_CLASS = YES_ERROR;
				CLANG_WARN_RANGE_LOOP_ANALYSIS = YES;
				CLANG_WARN_STRICT_PROTOTYPES = YES;
				CLANG_WARN_SUSPICIOUS_MOVE = YES;
				CLANG_WARN_UNREACHABLE_CODE = YES;
				CLANG_WARN__DUPLICATE_METHOD_MATCH = YES;
				CODE_SIGN_IDENTITY = "-";
				COPY_PHASE_STRIP = NO;
				DEBUG_INFORMATION_FORMAT = dwarf;
				ENABLE_STRICT_OBJC_MSGSEND = YES;
				ENABLE_TESTABILITY = YES;
				GCC_C_LANGUAGE_STANDARD = gnu99;
				GCC_DYNAMIC_NO_PIC = NO;
				GCC_NO_COMMON_BLOCKS = YES;
				GCC_OPTIMIZATION_LEVEL = 0;
				GCC_PREPROCESSOR_DEFINITIONS = (
					"DEBUG=1",
					"$(inherited)",
				);
				GCC_WARN_64_TO_32_BIT_CONVERSION = YES;
				GCC_WARN_ABOUT_RETURN_TYPE = YES_ERROR;
				GCC_WARN_UNDECLARED_SELECTOR = YES;
				GCC_WARN_UNINITIALIZED_AUTOS = YES_AGGRESSIVE;
				GCC_WARN_UNUSED_FUNCTION = YES;
				GCC_WARN_UNUSED_VARIABLE = YES;
				MACOSX_DEPLOYMENT_TARGET = 10.12;
				MTL_ENABLE_DEBUG_INFO = YES;
				ONLY_ACTIVE_ARCH = YES;
				SDKROOT = macosx;
				SWIFT_ACTIVE_COMPILATION_CONDITIONS = DEBUG;
				SWIFT_OPTIMIZATION_LEVEL = "-Onone";
			};
			name = Debug;
		};
		8BBD93201E6E3E11009DCF65 /* Release */ = {
			isa = XCBuildConfiguration;
			buildSettings = {
				ALWAYS_SEARCH_USER_PATHS = NO;
				CLANG_ANALYZER_NONNULL = YES;
				CLANG_CXX_LANGUAGE_STANDARD = "gnu++0x";
				CLANG_CXX_LIBRARY = "libc++";
				CLANG_ENABLE_MODULES = YES;
				CLANG_ENABLE_OBJC_ARC = YES;
				CLANG_WARN_BLOCK_CAPTURE_AUTORELEASING = YES;
				CLANG_WARN_BOOL_CONVERSION = YES;
				CLANG_WARN_COMMA = YES;
				CLANG_WARN_CONSTANT_CONVERSION = YES;
				CLANG_WARN_DIRECT_OBJC_ISA_USAGE = YES_ERROR;
				CLANG_WARN_DOCUMENTATION_COMMENTS = YES;
				CLANG_WARN_EMPTY_BODY = YES;
				CLANG_WARN_ENUM_CONVERSION = YES;
				CLANG_WARN_INFINITE_RECURSION = YES;
				CLANG_WARN_INT_CONVERSION = YES;
				CLANG_WARN_NON_LITERAL_NULL_CONVERSION = YES;
				CLANG_WARN_OBJC_LITERAL_CONVERSION = YES;
				CLANG_WARN_OBJC_ROOT_CLASS = YES_ERROR;
				CLANG_WARN_RANGE_LOOP_ANALYSIS = YES;
				CLANG_WARN_STRICT_PROTOTYPES = YES;
				CLANG_WARN_SUSPICIOUS_MOVE = YES;
				CLANG_WARN_UNREACHABLE_CODE = YES;
				CLANG_WARN__DUPLICATE_METHOD_MATCH = YES;
				CODE_SIGN_IDENTITY = "-";
				COPY_PHASE_STRIP = NO;
				DEBUG_INFORMATION_FORMAT = "dwarf-with-dsym";
				ENABLE_NS_ASSERTIONS = NO;
				ENABLE_STRICT_OBJC_MSGSEND = YES;
				GCC_C_LANGUAGE_STANDARD = gnu99;
				GCC_NO_COMMON_BLOCKS = YES;
				GCC_WARN_64_TO_32_BIT_CONVERSION = YES;
				GCC_WARN_ABOUT_RETURN_TYPE = YES_ERROR;
				GCC_WARN_UNDECLARED_SELECTOR = YES;
				GCC_WARN_UNINITIALIZED_AUTOS = YES_AGGRESSIVE;
				GCC_WARN_UNUSED_FUNCTION = YES;
				GCC_WARN_UNUSED_VARIABLE = YES;
				MACOSX_DEPLOYMENT_TARGET = 10.12;
				MTL_ENABLE_DEBUG_INFO = NO;
				SDKROOT = macosx;
				SWIFT_OPTIMIZATION_LEVEL = "-Owholemodule";
			};
			name = Release;
		};
		8BBD93221E6E3E11009DCF65 /* Debug */ = {
			isa = XCBuildConfiguration;
			buildSettings = {
				ASSETCATALOG_COMPILER_APPICON_NAME = AppIcon;
				CODE_SIGN_IDENTITY = "Mac Developer";
				COMBINE_HIDPI_IMAGES = YES;
				DEVELOPMENT_TEAM = 54JDK55DR5;
				INFOPLIST_FILE = WatchKeynoteController/Info.plist;
				LD_RUNPATH_SEARCH_PATHS = "$(inherited) @executable_path/../Frameworks";
				MACOSX_DEPLOYMENT_TARGET = 10.10;
				PRODUCT_BUNDLE_IDENTIFIER = com.ezefranca.WatchKeynoteController;
				PRODUCT_NAME = "$(TARGET_NAME)";
				SWIFT_SWIFT3_OBJC_INFERENCE = Off;
				SWIFT_VERSION = 4.0;
			};
			name = Debug;
		};
		8BBD93231E6E3E11009DCF65 /* Release */ = {
			isa = XCBuildConfiguration;
			buildSettings = {
				ASSETCATALOG_COMPILER_APPICON_NAME = AppIcon;
				CODE_SIGN_IDENTITY = "Mac Developer";
				COMBINE_HIDPI_IMAGES = YES;
				DEVELOPMENT_TEAM = 54JDK55DR5;
				INFOPLIST_FILE = WatchKeynoteController/Info.plist;
				LD_RUNPATH_SEARCH_PATHS = "$(inherited) @executable_path/../Frameworks";
				MACOSX_DEPLOYMENT_TARGET = 10.10;
				PRODUCT_BUNDLE_IDENTIFIER = com.ezefranca.WatchKeynoteController;
				PRODUCT_NAME = "$(TARGET_NAME)";
				SWIFT_SWIFT3_OBJC_INFERENCE = Off;
				SWIFT_VERSION = 4.0;
			};
			name = Release;
		};
		8BBD93381E6E3EF6009DCF65 /* Debug */ = {
			isa = XCBuildConfiguration;
			buildSettings = {
				ASSETCATALOG_COMPILER_APPICON_NAME = AppIcon;
				CODE_SIGN_ENTITLEMENTS = WatchKeynoteControllerApp/WatchKeynoteControllerApp.entitlements;
				CODE_SIGN_IDENTITY = "iPhone Developer";
				"CODE_SIGN_IDENTITY[sdk=iphoneos*]" = "iPhone Developer";
				CODE_SIGN_STYLE = Automatic;
				DEVELOPMENT_TEAM = 54JDK55DR5;
				INFOPLIST_FILE = WatchKeynoteControllerApp/Info.plist;
				IPHONEOS_DEPLOYMENT_TARGET = 10.2;
				LD_RUNPATH_SEARCH_PATHS = "$(inherited) @executable_path/Frameworks";
				PRODUCT_BUNDLE_IDENTIFIER = com.ezefranca.WatchKeynoteControllerApp;
				PRODUCT_NAME = "$(TARGET_NAME)";
				PROVISIONING_PROFILE = "";
				PROVISIONING_PROFILE_SPECIFIER = "";
				SDKROOT = iphoneos;
				SWIFT_SWIFT3_OBJC_INFERENCE = Off;
				SWIFT_VERSION = 4.0;
				TARGETED_DEVICE_FAMILY = 1;
			};
			name = Debug;
		};
		8BBD93391E6E3EF6009DCF65 /* Release */ = {
			isa = XCBuildConfiguration;
			buildSettings = {
				ASSETCATALOG_COMPILER_APPICON_NAME = AppIcon;
				CODE_SIGN_ENTITLEMENTS = WatchKeynoteControllerApp/WatchKeynoteControllerApp.entitlements;
				CODE_SIGN_IDENTITY = "iPhone Developer";
				"CODE_SIGN_IDENTITY[sdk=iphoneos*]" = "iPhone Developer";
				CODE_SIGN_STYLE = Automatic;
				DEVELOPMENT_TEAM = 54JDK55DR5;
				INFOPLIST_FILE = WatchKeynoteControllerApp/Info.plist;
				IPHONEOS_DEPLOYMENT_TARGET = 10.2;
				LD_RUNPATH_SEARCH_PATHS = "$(inherited) @executable_path/Frameworks";
				PRODUCT_BUNDLE_IDENTIFIER = com.ezefranca.WatchKeynoteControllerApp;
				PRODUCT_NAME = "$(TARGET_NAME)";
				PROVISIONING_PROFILE = "";
				PROVISIONING_PROFILE_SPECIFIER = "";
				SDKROOT = iphoneos;
				SWIFT_SWIFT3_OBJC_INFERENCE = Off;
				SWIFT_VERSION = 4.0;
				TARGETED_DEVICE_FAMILY = 1;
				VALIDATE_PRODUCT = YES;
			};
			name = Release;
		};
		8BBD935C1E6E3F1A009DCF65 /* Debug */ = {
			isa = XCBuildConfiguration;
			buildSettings = {
				ASSETCATALOG_COMPILER_COMPLICATION_NAME = Complication;
				CODE_SIGN_ENTITLEMENTS = "WatchKeynoteControllerWatchApp Extension/WatchKeynoteControllerWatchApp Extension.entitlements";
				CODE_SIGN_IDENTITY = "iPhone Developer";
				"CODE_SIGN_IDENTITY[sdk=watchos*]" = "iPhone Developer";
				CODE_SIGN_STYLE = Automatic;
				DEVELOPMENT_TEAM = 54JDK55DR5;
				INFOPLIST_FILE = "WatchKeynoteControllerWatchApp Extension/Info.plist";
				LD_RUNPATH_SEARCH_PATHS = "$(inherited) @executable_path/Frameworks @executable_path/../../Frameworks";
				PRODUCT_BUNDLE_IDENTIFIER = com.ezefranca.WatchKeynoteControllerApp.watchkitapp.watchkitextension;
				PRODUCT_NAME = "${TARGET_NAME}";
				PROVISIONING_PROFILE = "";
				PROVISIONING_PROFILE_SPECIFIER = "";
				SDKROOT = watchos;
				SKIP_INSTALL = YES;
				SWIFT_SWIFT3_OBJC_INFERENCE = Off;
				SWIFT_VERSION = 4.0;
				TARGETED_DEVICE_FAMILY = 4;
				WATCHOS_DEPLOYMENT_TARGET = 3.0;
			};
			name = Debug;
		};
		8BBD935D1E6E3F1A009DCF65 /* Release */ = {
			isa = XCBuildConfiguration;
			buildSettings = {
				ASSETCATALOG_COMPILER_COMPLICATION_NAME = Complication;
				CODE_SIGN_ENTITLEMENTS = "WatchKeynoteControllerWatchApp Extension/WatchKeynoteControllerWatchApp Extension.entitlements";
				CODE_SIGN_IDENTITY = "iPhone Developer";
				"CODE_SIGN_IDENTITY[sdk=watchos*]" = "iPhone Developer";
				CODE_SIGN_STYLE = Automatic;
				DEVELOPMENT_TEAM = 54JDK55DR5;
				INFOPLIST_FILE = "WatchKeynoteControllerWatchApp Extension/Info.plist";
				LD_RUNPATH_SEARCH_PATHS = "$(inherited) @executable_path/Frameworks @executable_path/../../Frameworks";
				PRODUCT_BUNDLE_IDENTIFIER = com.ezefranca.WatchKeynoteControllerApp.watchkitapp.watchkitextension;
				PRODUCT_NAME = "${TARGET_NAME}";
				PROVISIONING_PROFILE = "";
				PROVISIONING_PROFILE_SPECIFIER = "";
				SDKROOT = watchos;
				SKIP_INSTALL = YES;
				SWIFT_SWIFT3_OBJC_INFERENCE = Off;
				SWIFT_VERSION = 4.0;
				TARGETED_DEVICE_FAMILY = 4;
				VALIDATE_PRODUCT = YES;
				WATCHOS_DEPLOYMENT_TARGET = 3.0;
			};
			name = Release;
		};
		8BBD93601E6E3F1A009DCF65 /* Debug */ = {
			isa = XCBuildConfiguration;
			buildSettings = {
				ALWAYS_EMBED_SWIFT_STANDARD_LIBRARIES = YES;
				ASSETCATALOG_COMPILER_APPICON_NAME = AppIcon;
				CODE_SIGN_ENTITLEMENTS = WatchKeynoteControllerWatchApp/WatchKeynoteControllerWatchApp.entitlements;
				CODE_SIGN_IDENTITY = "iPhone Developer";
				"CODE_SIGN_IDENTITY[sdk=watchos*]" = "iPhone Developer";
				CODE_SIGN_STYLE = Automatic;
				DEVELOPMENT_TEAM = 54JDK55DR5;
				IBSC_MODULE = WatchKeynoteControllerWatchApp_Extension;
				INFOPLIST_FILE = WatchKeynoteControllerWatchApp/Info.plist;
				PRODUCT_BUNDLE_IDENTIFIER = com.ezefranca.WatchKeynoteControllerApp.watchkitapp;
				PRODUCT_NAME = "$(TARGET_NAME)";
				PROVISIONING_PROFILE = "";
				PROVISIONING_PROFILE_SPECIFIER = "";
				SDKROOT = watchos;
				SKIP_INSTALL = YES;
				SWIFT_VERSION = 3.0;
				TARGETED_DEVICE_FAMILY = 4;
				WATCHOS_DEPLOYMENT_TARGET = 3.0;
			};
			name = Debug;
		};
		8BBD93611E6E3F1A009DCF65 /* Release */ = {
			isa = XCBuildConfiguration;
			buildSettings = {
				ALWAYS_EMBED_SWIFT_STANDARD_LIBRARIES = YES;
				ASSETCATALOG_COMPILER_APPICON_NAME = AppIcon;
				CODE_SIGN_ENTITLEMENTS = WatchKeynoteControllerWatchApp/WatchKeynoteControllerWatchApp.entitlements;
				CODE_SIGN_IDENTITY = "iPhone Developer";
				"CODE_SIGN_IDENTITY[sdk=watchos*]" = "iPhone Developer";
				CODE_SIGN_STYLE = Automatic;
				DEVELOPMENT_TEAM = 54JDK55DR5;
				IBSC_MODULE = WatchKeynoteControllerWatchApp_Extension;
				INFOPLIST_FILE = WatchKeynoteControllerWatchApp/Info.plist;
				PRODUCT_BUNDLE_IDENTIFIER = com.ezefranca.WatchKeynoteControllerApp.watchkitapp;
				PRODUCT_NAME = "$(TARGET_NAME)";
				PROVISIONING_PROFILE = "";
				PROVISIONING_PROFILE_SPECIFIER = "";
				SDKROOT = watchos;
				SKIP_INSTALL = YES;
				SWIFT_VERSION = 3.0;
				TARGETED_DEVICE_FAMILY = 4;
				VALIDATE_PRODUCT = YES;
				WATCHOS_DEPLOYMENT_TARGET = 3.0;
			};
			name = Release;
		};
/* End XCBuildConfiguration section */

/* Begin XCConfigurationList section */
		8BBD930F1E6E3E11009DCF65 /* Build configuration list for PBXProject "WatchKeynoteController" */ = {
			isa = XCConfigurationList;
			buildConfigurations = (
				8BBD931F1E6E3E11009DCF65 /* Debug */,
				8BBD93201E6E3E11009DCF65 /* Release */,
			);
			defaultConfigurationIsVisible = 0;
			defaultConfigurationName = Release;
		};
		8BBD93211E6E3E11009DCF65 /* Build configuration list for PBXNativeTarget "WatchKeynoteController" */ = {
			isa = XCConfigurationList;
			buildConfigurations = (
				8BBD93221E6E3E11009DCF65 /* Debug */,
				8BBD93231E6E3E11009DCF65 /* Release */,
			);
			defaultConfigurationIsVisible = 0;
			defaultConfigurationName = Release;
		};
		8BBD93371E6E3EF6009DCF65 /* Build configuration list for PBXNativeTarget "WatchKeynoteControllerApp" */ = {
			isa = XCConfigurationList;
			buildConfigurations = (
				8BBD93381E6E3EF6009DCF65 /* Debug */,
				8BBD93391E6E3EF6009DCF65 /* Release */,
			);
			defaultConfigurationIsVisible = 0;
			defaultConfigurationName = Release;
		};
		8BBD935B1E6E3F1A009DCF65 /* Build configuration list for PBXNativeTarget "WatchKeynoteControllerWatchApp Extension" */ = {
			isa = XCConfigurationList;
			buildConfigurations = (
				8BBD935C1E6E3F1A009DCF65 /* Debug */,
				8BBD935D1E6E3F1A009DCF65 /* Release */,
			);
			defaultConfigurationIsVisible = 0;
			defaultConfigurationName = Release;
		};
		8BBD935F1E6E3F1A009DCF65 /* Build configuration list for PBXNativeTarget "WatchKeynoteControllerWatchApp" */ = {
			isa = XCConfigurationList;
			buildConfigurations = (
				8BBD93601E6E3F1A009DCF65 /* Debug */,
				8BBD93611E6E3F1A009DCF65 /* Release */,
			);
			defaultConfigurationIsVisible = 0;
			defaultConfigurationName = Release;
		};
/* End XCConfigurationList section */
	};
	rootObject = 8BBD930C1E6E3E11009DCF65 /* Project object */;
}
