// !$*UTF8*$!
{
	archiveVersion = 1;
	classes = {
	};
	objectVersion = 46;
	objects = {

/* Begin PBXBuildFile section */
		8BBD93181E6E3E11009DCF65 /* AppDelegate.swift in Sources */ = {isa = PBXBuildFile; fileRef = 8BBD93171E6E3E11009DCF65 /* AppDelegate.swift */; };
		8BBD931A1E6E3E11009DCF65 /* Assets.xcassets in Resources */ = {isa = PBXBuildFile; fileRef = 8BBD93191E6E3E11009DCF65 /* Assets.xcassets */; };
		8BBD931D1E6E3E11009DCF65 /* MainMenu.xib in Resources */ = {isa = PBXBuildFile; fileRef = 8BBD931B1E6E3E11009DCF65 /* MainMenu.xib */; };
/* End PBXBuildFile section */

/* Begin PBXFileReference section */
		8BBD93141E6E3E11009DCF65 /* WatchKeynoteController.app */ = {isa = PBXFileReference; explicitFileType = wrapper.application; includeInIndex = 0; path = WatchKeynoteController.app; sourceTree = BUILT_PRODUCTS_DIR; };
		8BBD93171E6E3E11009DCF65 /* AppDelegate.swift */ = {isa = PBXFileReference; lastKnownFileType = sourcecode.swift; path = AppDelegate.swift; sourceTree = "<group>"; };
		8BBD93191E6E3E11009DCF65 /* Assets.xcassets */ = {isa = PBXFileReference; lastKnownFileType = folder.assetcatalog; path = Assets.xcassets; sourceTree = "<group>"; };
		8BBD931C1E6E3E11009DCF65 /* Base */ = {isa = PBXFileReference; lastKnownFileType = file.xib; name = Base; path = Base.lproj/MainMenu.xib; sourceTree = "<group>"; };
		8BBD931E1E6E3E11009DCF65 /* Info.plist */ = {isa = PBXFileReference; lastKnownFileType = text.plist.xml; path = Info.plist; sourceTree = "<group>"; };
/* End PBXFileReference section */

/* Begin PBXFrameworksBuildPhase section */
		8BBD93111E6E3E11009DCF65 /* Frameworks */ = {
			isa = PBXFrameworksBuildPhase;
			buildActionMask = 2147483647;
			files = (
			);
			runOnlyForDeploymentPostprocessing = 0;
		};
/* End PBXFrameworksBuildPhase section */

/* Begin PBXGroup section */
		8BBD930B1E6E3E11009DCF65 = {
			isa = PBXGroup;
			children = (
				8BBD93161E6E3E11009DCF65 /* WatchKeynoteController */,
				8BBD93151E6E3E11009DCF65 /* Products */,
			);
			sourceTree = "<group>";
		};
		8BBD93151E6E3E11009DCF65 /* Products */ = {
			isa = PBXGroup;
			children = (
				8BBD93141E6E3E11009DCF65 /* WatchKeynoteController.app */,
			);
			name = Products;
			sourceTree = "<group>";
		};
		8BBD93161E6E3E11009DCF65 /* WatchKeynoteController */ = {
			isa = PBXGroup;
			children = (
				8BBD93171E6E3E11009DCF65 /* AppDelegate.swift */,
				8BBD93191E6E3E11009DCF65 /* Assets.xcassets */,
				8BBD931B1E6E3E11009DCF65 /* MainMenu.xib */,
				8BBD931E1E6E3E11009DCF65 /* Info.plist */,
			);
			path = WatchKeynoteController;
			sourceTree = "<group>";
		};
/* End PBXGroup section */

/* Begin PBXNativeTarget section */
		8BBD93131E6E3E11009DCF65 /* WatchKeynoteController */ = {
			isa = PBXNativeTarget;
			buildConfigurationList = 8BBD93211E6E3E11009DCF65 /* Build configuration list for PBXNativeTarget "WatchKeynoteController" */;
			buildPhases = (
				8BBD93101E6E3E11009DCF65 /* Sources */,
				8BBD93111E6E3E11009DCF65 /* Frameworks */,
				8BBD93121E6E3E11009DCF65 /* Resources */,
			);
			buildRules = (
			);
			dependencies = (
			);
			name = WatchKeynoteController;
			productName = WatchKeynoteController;
			productReference = 8BBD93141E6E3E11009DCF65 /* WatchKeynoteController.app */;
			productType = "com.apple.product-type.application";
		};
/* End PBXNativeTarget section */

/* Begin PBXProject section */
		8BBD930C1E6E3E11009DCF65 /* Project object */ = {
			isa = PBXProject;
			attributes = {
				LastSwiftUpdateCheck = 0820;
				LastUpgradeCheck = 0820;
				ORGANIZATIONNAME = Ezequiel;
				TargetAttributes = {
					8BBD93131E6E3E11009DCF65 = {
						CreatedOnToolsVersion = 8.2.1;
						DevelopmentTeam = 54JDK55DR5;
						ProvisioningStyle = Automatic;
					};
				};
			};
			buildConfigurationList = 8BBD930F1E6E3E11009DCF65 /* Build configuration list for PBXProject "WatchKeynoteController" */;
			compatibilityVersion = "Xcode 3.2";
			developmentRegion = English;
			hasScannedForEncodings = 0;
			knownRegions = (
				en,
				Base,
			);
			mainGroup = 8BBD930B1E6E3E11009DCF65;
			productRefGroup = 8BBD93151E6E3E11009DCF65 /* Products */;
			projectDirPath = "";
			projectRoot = "";
			targets = (
				8BBD93131E6E3E11009DCF65 /* WatchKeynoteController */,
			);
		};
/* End PBXProject section */

/* Begin PBXResourcesBuildPhase section */
		8BBD93121E6E3E11009DCF65 /* Resources */ = {
			isa = PBXResourcesBuildPhase;
			buildActionMask = 2147483647;
			files = (
				8BBD931A1E6E3E11009DCF65 /* Assets.xcassets in Resources */,
				8BBD931D1E6E3E11009DCF65 /* MainMenu.xib in Resources */,
			);
			runOnlyForDeploymentPostprocessing = 0;
		};
/* End PBXResourcesBuildPhase section */

/* Begin PBXSourcesBuildPhase section */
		8BBD93101E6E3E11009DCF65 /* Sources */ = {
			isa = PBXSourcesBuildPhase;
			buildActionMask = 2147483647;
			files = (
				8BBD93181E6E3E11009DCF65 /* AppDelegate.swift in Sources */,
			);
			runOnlyForDeploymentPostprocessing = 0;
		};
/* End PBXSourcesBuildPhase section */

/* Begin PBXVariantGroup section */
		8BBD931B1E6E3E11009DCF65 /* MainMenu.xib */ = {
			isa = PBXVariantGroup;
			children = (
				8BBD931C1E6E3E11009DCF65 /* Base */,
			);
			name = MainMenu.xib;
			sourceTree = "<group>";
		};
/* End PBXVariantGroup section */

/* Begin XCBuildConfiguration section */
		8BBD931F1E6E3E11009DCF65 /* Debug */ = {
			isa = XCBuildConfiguration;
			buildSettings = {
				ALWAYS_SEARCH_USER_PATHS = NO;
				CLANG_ANALYZER_NONNULL = YES;
				CLANG_CXX_LANGUAGE_STANDARD = "gnu++0x";
				CLANG_CXX_LIBRARY = "libc++";
				CLANG_ENABLE_MODULES = YES;
				CLANG_ENABLE_OBJC_ARC = YES;
				CLANG_WARN_BOOL_CONVERSION = YES;
				CLANG_WARN_CONSTANT_CONVERSION = YES;
				CLANG_WARN_DIRECT_OBJC_ISA_USAGE = YES_ERROR;
				CLANG_WARN_DOCUMENTATION_COMMENTS = YES;
				CLANG_WARN_EMPTY_BODY = YES;
				CLANG_WARN_ENUM_CONVERSION = YES;
				CLANG_WARN_INFINITE_RECURSION = YES;
				CLANG_WARN_INT_CONVERSION = YES;
				CLANG_WARN_OBJC_ROOT_CLASS = YES_ERROR;
				CLANG_WARN_SUSPICIOUS_MOVE = YES;
				CLANG_WARN_UNREACHABLE_CODE = YES;
				CLANG_WARN__DUPLICATE_METHOD_MATCH = YES;
				CODE_SIGN_IDENTITY = "-";
				COPY_PHASE_STRIP = NO;
				DEBUG_INFORMATION_FORMAT = dwarf;
				ENABLE_STRICT_OBJC_MSGSEND = YES;
				ENABLE_TESTABILITY = YES;
				GCC_C_LANGUAGE_STANDARD = gnu99;
				GCC_DYNAMIC_NO_PIC = NO;
				GCC_NO_COMMON_BLOCKS = YES;
				GCC_OPTIMIZATION_LEVEL = 0;
				GCC_PREPROCESSOR_DEFINITIONS = (
					"DEBUG=1",
					"$(inherited)",
				);
				GCC_WARN_64_TO_32_BIT_CONVERSION = YES;
				GCC_WARN_ABOUT_RETURN_TYPE = YES_ERROR;
				GCC_WARN_UNDECLARED_SELECTOR = YES;
				GCC_WARN_UNINITIALIZED_AUTOS = YES_AGGRESSIVE;
				GCC_WARN_UNUSED_FUNCTION = YES;
				GCC_WARN_UNUSED_VARIABLE = YES;
				MACOSX_DEPLOYMENT_TARGET = 10.12;
				MTL_ENABLE_DEBUG_INFO = YES;
				ONLY_ACTIVE_ARCH = YES;
				SDKROOT = macosx;
				SWIFT_ACTIVE_COMPILATION_CONDITIONS = DEBUG;
				SWIFT_OPTIMIZATION_LEVEL = "-Onone";
			};
			name = Debug;
		};
		8BBD93201E6E3E11009DCF65 /* Release */ = {
			isa = XCBuildConfiguration;
			buildSettings = {
				ALWAYS_SEARCH_USER_PATHS = NO;
				CLANG_ANALYZER_NONNULL = YES;
				CLANG_CXX_LANGUAGE_STANDARD = "gnu++0x";
				CLANG_CXX_LIBRARY = "libc++";
				CLANG_ENABLE_MODULES = YES;
				CLANG_ENABLE_OBJC_ARC = YES;
				CLANG_WARN_BOOL_CONVERSION = YES;
				CLANG_WARN_CONSTANT_CONVERSION = YES;
				CLANG_WARN_DIRECT_OBJC_ISA_USAGE = YES_ERROR;
				CLANG_WARN_DOCUMENTATION_COMMENTS = YES;
				CLANG_WARN_EMPTY_BODY = YES;
				CLANG_WARN_ENUM_CONVERSION = YES;
				CLANG_WARN_INFINITE_RECURSION = YES;
				CLANG_WARN_INT_CONVERSION = YES;
				CLANG_WARN_OBJC_ROOT_CLASS = YES_ERROR;
				CLANG_WARN_SUSPICIOUS_MOVE = YES;
				CLANG_WARN_UNREACHABLE_CODE = YES;
				CLANG_WARN__DUPLICATE_METHOD_MATCH = YES;
				CODE_SIGN_IDENTITY = "-";
				COPY_PHASE_STRIP = NO;
				DEBUG_INFORMATION_FORMAT = "dwarf-with-dsym";
				ENABLE_NS_ASSERTIONS = NO;
				ENABLE_STRICT_OBJC_MSGSEND = YES;
				GCC_C_LANGUAGE_STANDARD = gnu99;
				GCC_NO_COMMON_BLOCKS = YES;
				GCC_WARN_64_TO_32_BIT_CONVERSION = YES;
				GCC_WARN_ABOUT_RETURN_TYPE = YES_ERROR;
				GCC_WARN_UNDECLARED_SELECTOR = YES;
				GCC_WARN_UNINITIALIZED_AUTOS = YES_AGGRESSIVE;
				GCC_WARN_UNUSED_FUNCTION = YES;
				GCC_WARN_UNUSED_VARIABLE = YES;
				MACOSX_DEPLOYMENT_TARGET = 10.12;
				MTL_ENABLE_DEBUG_INFO = NO;
				SDKROOT = macosx;
				SWIFT_OPTIMIZATION_LEVEL = "-Owholemodule";
			};
			name = Release;
		};
		8BBD93221E6E3E11009DCF65 /* Debug */ = {
			isa = XCBuildConfiguration;
			buildSettings = {
				ASSETCATALOG_COMPILER_APPICON_NAME = AppIcon;
				COMBINE_HIDPI_IMAGES = YES;
				DEVELOPMENT_TEAM = 54JDK55DR5;
				INFOPLIST_FILE = WatchKeynoteController/Info.plist;
				LD_RUNPATH_SEARCH_PATHS = "$(inherited) @executable_path/../Frameworks";
				PRODUCT_BUNDLE_IDENTIFIER = com.ezefranca.WatchKeynoteController;
				PRODUCT_NAME = "$(TARGET_NAME)";
				SWIFT_VERSION = 3.0;
			};
			name = Debug;
		};
		8BBD93231E6E3E11009DCF65 /* Release */ = {
			isa = XCBuildConfiguration;
			buildSettings = {
				ASSETCATALOG_COMPILER_APPICON_NAME = AppIcon;
				COMBINE_HIDPI_IMAGES = YES;
				DEVELOPMENT_TEAM = 54JDK55DR5;
				INFOPLIST_FILE = WatchKeynoteController/Info.plist;
				LD_RUNPATH_SEARCH_PATHS = "$(inherited) @executable_path/../Frameworks";
				PRODUCT_BUNDLE_IDENTIFIER = com.ezefranca.WatchKeynoteController;
				PRODUCT_NAME = "$(TARGET_NAME)";
				SWIFT_VERSION = 3.0;
			};
			name = Release;
		};
/* End XCBuildConfiguration section */

/* Begin XCConfigurationList section */
		8BBD930F1E6E3E11009DCF65 /* Build configuration list for PBXProject "WatchKeynoteController" */ = {
			isa = XCConfigurationList;
			buildConfigurations = (
				8BBD931F1E6E3E11009DCF65 /* Debug */,
				8BBD93201E6E3E11009DCF65 /* Release */,
			);
			defaultConfigurationIsVisible = 0;
			defaultConfigurationName = Release;
		};
		8BBD93211E6E3E11009DCF65 /* Build configuration list for PBXNativeTarget "WatchKeynoteController" */ = {
			isa = XCConfigurationList;
			buildConfigurations = (
				8BBD93221E6E3E11009DCF65 /* Debug */,
				8BBD93231E6E3E11009DCF65 /* Release */,
			);
			defaultConfigurationIsVisible = 0;
		};
/* End XCConfigurationList section */
	};
	rootObject = 8BBD930C1E6E3E11009DCF65 /* Project object */;
}
